// !$*UTF8*$!
{
	archiveVersion = 1;
	classes = {
	};
	objectVersion = 50;
	objects = {

/* Begin PBXBuildFile section */
		19852DE6BDCB152C41E288CD /* Pods_Ejercicio.framework in Frameworks */ = {isa = PBXBuildFile; fileRef = D46D22913E96FAE4C4C17222 /* Pods_Ejercicio.framework */; };
		1F124DD92178538000923529 /* AppDelegate.swift in Sources */ = {isa = PBXBuildFile; fileRef = 1F124DD82178538000923529 /* AppDelegate.swift */; };
		1F124DDB2178538000923529 /* ViewController.swift in Sources */ = {isa = PBXBuildFile; fileRef = 1F124DDA2178538000923529 /* ViewController.swift */; };
		1F124DDE2178538000923529 /* Main.storyboard in Resources */ = {isa = PBXBuildFile; fileRef = 1F124DDC2178538000923529 /* Main.storyboard */; };
		1F124DE02178538200923529 /* Assets.xcassets in Resources */ = {isa = PBXBuildFile; fileRef = 1F124DDF2178538200923529 /* Assets.xcassets */; };
		1F124DE32178538200923529 /* LaunchScreen.storyboard in Resources */ = {isa = PBXBuildFile; fileRef = 1F124DE12178538200923529 /* LaunchScreen.storyboard */; };
		1FE528DE217876D3001C9C3B /* CellTableViewCell.swift in Sources */ = {isa = PBXBuildFile; fileRef = 1FE528DD217876D3001C9C3B /* CellTableViewCell.swift */; };
/* End PBXBuildFile section */

/* Begin PBXFileReference section */
		1F124DD52178538000923529 /* Ejercicio.app */ = {isa = PBXFileReference; explicitFileType = wrapper.application; includeInIndex = 0; path = Ejercicio.app; sourceTree = BUILT_PRODUCTS_DIR; };
		1F124DD82178538000923529 /* AppDelegate.swift */ = {isa = PBXFileReference; lastKnownFileType = sourcecode.swift; path = AppDelegate.swift; sourceTree = "<group>"; };
		1F124DDA2178538000923529 /* ViewController.swift */ = {isa = PBXFileReference; lastKnownFileType = sourcecode.swift; path = ViewController.swift; sourceTree = "<group>"; };
		1F124DDD2178538000923529 /* Base */ = {isa = PBXFileReference; lastKnownFileType = file.storyboard; name = Base; path = Base.lproj/Main.storyboard; sourceTree = "<group>"; };
		1F124DDF2178538200923529 /* Assets.xcassets */ = {isa = PBXFileReference; lastKnownFileType = folder.assetcatalog; path = Assets.xcassets; sourceTree = "<group>"; };
		1F124DE22178538200923529 /* Base */ = {isa = PBXFileReference; lastKnownFileType = file.storyboard; name = Base; path = Base.lproj/LaunchScreen.storyboard; sourceTree = "<group>"; };
		1F124DE42178538200923529 /* Info.plist */ = {isa = PBXFileReference; lastKnownFileType = text.plist.xml; path = Info.plist; sourceTree = "<group>"; };
		1FE528DD217876D3001C9C3B /* CellTableViewCell.swift */ = {isa = PBXFileReference; lastKnownFileType = sourcecode.swift; path = CellTableViewCell.swift; sourceTree = "<group>"; };
		960A8D75EC73511ACE73575C /* Pods-Ejercicio.release.xcconfig */ = {isa = PBXFileReference; includeInIndex = 1; lastKnownFileType = text.xcconfig; name = "Pods-Ejercicio.release.xcconfig"; path = "Pods/Target Support Files/Pods-Ejercicio/Pods-Ejercicio.release.xcconfig"; sourceTree = "<group>"; };
		BD12E57CA86EBBFB09F2FD32 /* Pods-Ejercicio.debug.xcconfig */ = {isa = PBXFileReference; includeInIndex = 1; lastKnownFileType = text.xcconfig; name = "Pods-Ejercicio.debug.xcconfig"; path = "Pods/Target Support Files/Pods-Ejercicio/Pods-Ejercicio.debug.xcconfig"; sourceTree = "<group>"; };
		D46D22913E96FAE4C4C17222 /* Pods_Ejercicio.framework */ = {isa = PBXFileReference; explicitFileType = wrapper.framework; includeInIndex = 0; path = Pods_Ejercicio.framework; sourceTree = BUILT_PRODUCTS_DIR; };
/* End PBXFileReference section */

/* Begin PBXFrameworksBuildPhase section */
		1F124DD22178538000923529 /* Frameworks */ = {
			isa = PBXFrameworksBuildPhase;
			buildActionMask = 2147483647;
			files = (
				19852DE6BDCB152C41E288CD /* Pods_Ejercicio.framework in Frameworks */,
			);
			runOnlyForDeploymentPostprocessing = 0;
		};
/* End PBXFrameworksBuildPhase section */

/* Begin PBXGroup section */
		1A61B93226E40C28AEE9391C /* Frameworks */ = {
			isa = PBXGroup;
			children = (
				D46D22913E96FAE4C4C17222 /* Pods_Ejercicio.framework */,
			);
			name = Frameworks;
			sourceTree = "<group>";
		};
		1F124DCC2178538000923529 = {
			isa = PBXGroup;
			children = (
				1F124DD72178538000923529 /* Ejercicio */,
				1F124DD62178538000923529 /* Products */,
				EED928AA3ACC8679C6E2D239 /* Pods */,
				1A61B93226E40C28AEE9391C /* Frameworks */,
			);
			sourceTree = "<group>";
		};
		1F124DD62178538000923529 /* Products */ = {
			isa = PBXGroup;
			children = (
				1F124DD52178538000923529 /* Ejercicio.app */,
			);
			name = Products;
			sourceTree = "<group>";
		};
		1F124DD72178538000923529 /* Ejercicio */ = {
			isa = PBXGroup;
			children = (
				1F124DD82178538000923529 /* AppDelegate.swift */,
				1F124DDA2178538000923529 /* ViewController.swift */,
				1F124DDC2178538000923529 /* Main.storyboard */,
				1F124DDF2178538200923529 /* Assets.xcassets */,
				1F124DE12178538200923529 /* LaunchScreen.storyboard */,
				1F124DE42178538200923529 /* Info.plist */,
				1FE528DD217876D3001C9C3B /* CellTableViewCell.swift */,
			);
			path = Ejercicio;
			sourceTree = "<group>";
		};
		EED928AA3ACC8679C6E2D239 /* Pods */ = {
			isa = PBXGroup;
			children = (
				BD12E57CA86EBBFB09F2FD32 /* Pods-Ejercicio.debug.xcconfig */,
				960A8D75EC73511ACE73575C /* Pods-Ejercicio.release.xcconfig */,
			);
			name = Pods;
			sourceTree = "<group>";
		};
/* End PBXGroup section */

/* Begin PBXNativeTarget section */
		1F124DD42178538000923529 /* Ejercicio */ = {
			isa = PBXNativeTarget;
			buildConfigurationList = 1F124DE72178538200923529 /* Build configuration list for PBXNativeTarget "Ejercicio" */;
			buildPhases = (
				3D4663DC03A65C587A6102A2 /* [CP] Check Pods Manifest.lock */,
				1F124DD12178538000923529 /* Sources */,
				1F124DD22178538000923529 /* Frameworks */,
				1F124DD32178538000923529 /* Resources */,
				D81C50CF952454FFC1465CAF /* [CP] Embed Pods Frameworks */,
			);
			buildRules = (
			);
			dependencies = (
			);
			name = Ejercicio;
			productName = Ejercicio;
			productReference = 1F124DD52178538000923529 /* Ejercicio.app */;
			productType = "com.apple.product-type.application";
		};
/* End PBXNativeTarget section */

/* Begin PBXProject section */
		1F124DCD2178538000923529 /* Project object */ = {
			isa = PBXProject;
			attributes = {
				LastSwiftUpdateCheck = 1000;
				LastUpgradeCheck = 1000;
				ORGANIZATIONNAME = "Fabian Romero Sotelo";
				TargetAttributes = {
					1F124DD42178538000923529 = {
						CreatedOnToolsVersion = 10.0;
					};
				};
			};
			buildConfigurationList = 1F124DD02178538000923529 /* Build configuration list for PBXProject "Ejercicio" */;
			compatibilityVersion = "Xcode 9.3";
			developmentRegion = en;
			hasScannedForEncodings = 0;
			knownRegions = (
				en,
				Base,
			);
			mainGroup = 1F124DCC2178538000923529;
			productRefGroup = 1F124DD62178538000923529 /* Products */;
			projectDirPath = "";
			projectRoot = "";
			targets = (
				1F124DD42178538000923529 /* Ejercicio */,
			);
		};
/* End PBXProject section */

/* Begin PBXResourcesBuildPhase section */
		1F124DD32178538000923529 /* Resources */ = {
			isa = PBXResourcesBuildPhase;
			buildActionMask = 2147483647;
			files = (
				1F124DE32178538200923529 /* LaunchScreen.storyboard in Resources */,
				1F124DE02178538200923529 /* Assets.xcassets in Resources */,
				1F124DDE2178538000923529 /* Main.storyboard in Resources */,
			);
			runOnlyForDeploymentPostprocessing = 0;
		};
/* End PBXResourcesBuildPhase section */

/* Begin PBXShellScriptBuildPhase section */
		3D4663DC03A65C587A6102A2 /* [CP] Check Pods Manifest.lock */ = {
			isa = PBXShellScriptBuildPhase;
			buildActionMask = 2147483647;
			files = (
			);
			inputFileListPaths = (
			);
			inputPaths = (
				"${PODS_PODFILE_DIR_PATH}/Podfile.lock",
				"${PODS_ROOT}/Manifest.lock",
			);
			name = "[CP] Check Pods Manifest.lock";
			outputFileListPaths = (
			);
			outputPaths = (
				"$(DERIVED_FILE_DIR)/Pods-Ejercicio-checkManifestLockResult.txt",
			);
			runOnlyForDeploymentPostprocessing = 0;
			shellPath = /bin/sh;
			shellScript = "diff \"${PODS_PODFILE_DIR_PATH}/Podfile.lock\" \"${PODS_ROOT}/Manifest.lock\" > /dev/null\nif [ $? != 0 ] ; then\n    # print error to STDERR\n    echo \"error: The sandbox is not in sync with the Podfile.lock. Run 'pod install' or update your CocoaPods installation.\" >&2\n    exit 1\nfi\n# This output is used by Xcode 'outputs' to avoid re-running this script phase.\necho \"SUCCESS\" > \"${SCRIPT_OUTPUT_FILE_0}\"\n";
			showEnvVarsInLog = 0;
		};
		D81C50CF952454FFC1465CAF /* [CP] Embed Pods Frameworks */ = {
			isa = PBXShellScriptBuildPhase;
			buildActionMask = 2147483647;
			files = (
			);
			inputFileListPaths = (
			);
			inputPaths = (
				"${SRCROOT}/Pods/Target Support Files/Pods-Ejercicio/Pods-Ejercicio-frameworks.sh",
				"${BUILT_PRODUCTS_DIR}/Alamofire/Alamofire.framework",
			);
			name = "[CP] Embed Pods Frameworks";
			outputFileListPaths = (
			);
			outputPaths = (
				"${TARGET_BUILD_DIR}/${FRAMEWORKS_FOLDER_PATH}/Alamofire.framework",
			);
			runOnlyForDeploymentPostprocessing = 0;
			shellPath = /bin/sh;
			shellScript = "\"${SRCROOT}/Pods/Target Support Files/Pods-Ejercicio/Pods-Ejercicio-frameworks.sh\"\n";
			showEnvVarsInLog = 0;
		};
/* End PBXShellScriptBuildPhase section */

/* Begin PBXSourcesBuildPhase section */
		1F124DD12178538000923529 /* Sources */ = {
			isa = PBXSourcesBuildPhase;
			buildActionMask = 2147483647;
			files = (
				1FE528DE217876D3001C9C3B /* CellTableViewCell.swift in Sources */,
				1F124DDB2178538000923529 /* ViewController.swift in Sources */,
				1F124DD92178538000923529 /* AppDelegate.swift in Sources */,
			);
			runOnlyForDeploymentPostprocessing = 0;
		};
/* End PBXSourcesBuildPhase section */

/* Begin PBXVariantGroup section */
		1F124DDC2178538000923529 /* Main.storyboard */ = {
			isa = PBXVariantGroup;
			children = (
				1F124DDD2178538000923529 /* Base */,
			);
			name = Main.storyboard;
			sourceTree = "<group>";
		};
		1F124DE12178538200923529 /* LaunchScreen.storyboard */ = {
			isa = PBXVariantGroup;
			children = (
				1F124DE22178538200923529 /* Base */,
			);
			name = LaunchScreen.storyboard;
			sourceTree = "<group>";
		};
/* End PBXVariantGroup section */

/* Begin XCBuildConfiguration section */
		1F124DE52178538200923529 /* Debug */ = {
			isa = XCBuildConfiguration;
			buildSettings = {
				ALWAYS_SEARCH_USER_PATHS = NO;
				CLANG_ANALYZER_NONNULL = YES;
				CLANG_ANALYZER_NUMBER_OBJECT_CONVERSION = YES_AGGRESSIVE;
				CLANG_CXX_LANGUAGE_STANDARD = "gnu++14";
				CLANG_CXX_LIBRARY = "libc++";
				CLANG_ENABLE_MODULES = YES;
				CLANG_ENABLE_OBJC_ARC = YES;
				CLANG_ENABLE_OBJC_WEAK = YES;
				CLANG_WARN_BLOCK_CAPTURE_AUTORELEASING = YES;
				CLANG_WARN_BOOL_CONVERSION = YES;
				CLANG_WARN_COMMA = YES;
				CLANG_WARN_CONSTANT_CONVERSION = YES;
				CLANG_WARN_DEPRECATED_OBJC_IMPLEMENTATIONS = YES;
				CLANG_WARN_DIRECT_OBJC_ISA_USAGE = YES_ERROR;
				CLANG_WARN_DOCUMENTATION_COMMENTS = YES;
				CLANG_WARN_EMPTY_BODY = YES;
				CLANG_WARN_ENUM_CONVERSION = YES;
				CLANG_WARN_INFINITE_RECURSION = YES;
				CLANG_WARN_INT_CONVERSION = YES;
				CLANG_WARN_NON_LITERAL_NULL_CONVERSION = YES;
				CLANG_WARN_OBJC_IMPLICIT_RETAIN_SELF = YES;
				CLANG_WARN_OBJC_LITERAL_CONVERSION = YES;
				CLANG_WARN_OBJC_ROOT_CLASS = YES_ERROR;
				CLANG_WARN_RANGE_LOOP_ANALYSIS = YES;
				CLANG_WARN_STRICT_PROTOTYPES = YES;
				CLANG_WARN_SUSPICIOUS_MOVE = YES;
				CLANG_WARN_UNGUARDED_AVAILABILITY = YES_AGGRESSIVE;
				CLANG_WARN_UNREACHABLE_CODE = YES;
				CLANG_WARN__DUPLICATE_METHOD_MATCH = YES;
				CODE_SIGN_IDENTITY = "iPhone Developer";
				COPY_PHASE_STRIP = NO;
				DEBUG_INFORMATION_FORMAT = dwarf;
				ENABLE_STRICT_OBJC_MSGSEND = YES;
				ENABLE_TESTABILITY = YES;
				GCC_C_LANGUAGE_STANDARD = gnu11;
				GCC_DYNAMIC_NO_PIC = NO;
				GCC_NO_COMMON_BLOCKS = YES;
				GCC_OPTIMIZATION_LEVEL = 0;
				GCC_PREPROCESSOR_DEFINITIONS = (
					"DEBUG=1",
					"$(inherited)",
				);
				GCC_WARN_64_TO_32_BIT_CONVERSION = YES;
				GCC_WARN_ABOUT_RETURN_TYPE = YES_ERROR;
				GCC_WARN_UNDECLARED_SELECTOR = YES;
				GCC_WARN_UNINITIALIZED_AUTOS = YES_AGGRESSIVE;
				GCC_WARN_UNUSED_FUNCTION = YES;
				GCC_WARN_UNUSED_VARIABLE = YES;
				IPHONEOS_DEPLOYMENT_TARGET = 12.0;
				MTL_ENABLE_DEBUG_INFO = INCLUDE_SOURCE;
				MTL_FAST_MATH = YES;
				ONLY_ACTIVE_ARCH = YES;
				SDKROOT = iphoneos;
				SWIFT_ACTIVE_COMPILATION_CONDITIONS = DEBUG;
				SWIFT_OPTIMIZATION_LEVEL = "-Onone";
			};
			name = Debug;
		};
		1F124DE62178538200923529 /* Release */ = {
			isa = XCBuildConfiguration;
			buildSettings = {
				ALWAYS_SEARCH_USER_PATHS = NO;
				CLANG_ANALYZER_NONNULL = YES;
				CLANG_ANALYZER_NUMBER_OBJECT_CONVERSION = YES_AGGRESSIVE;
				CLANG_CXX_LANGUAGE_STANDARD = "gnu++14";
				CLANG_CXX_LIBRARY = "libc++";
				CLANG_ENABLE_MODULES = YES;
				CLANG_ENABLE_OBJC_ARC = YES;
				CLANG_ENABLE_OBJC_WEAK = YES;
				CLANG_WARN_BLOCK_CAPTURE_AUTORELEASING = YES;
				CLANG_WARN_BOOL_CONVERSION = YES;
				CLANG_WARN_COMMA = YES;
				CLANG_WARN_CONSTANT_CONVERSION = YES;
				CLANG_WARN_DEPRECATED_OBJC_IMPLEMENTATIONS = YES;
				CLANG_WARN_DIRECT_OBJC_ISA_USAGE = YES_ERROR;
				CLANG_WARN_DOCUMENTATION_COMMENTS = YES;
				CLANG_WARN_EMPTY_BODY = YES;
				CLANG_WARN_ENUM_CONVERSION = YES;
				CLANG_WARN_INFINITE_RECURSION = YES;
				CLANG_WARN_INT_CONVERSION = YES;
				CLANG_WARN_NON_LITERAL_NULL_CONVERSION = YES;
				CLANG_WARN_OBJC_IMPLICIT_RETAIN_SELF = YES;
				CLANG_WARN_OBJC_LITERAL_CONVERSION = YES;
				CLANG_WARN_OBJC_ROOT_CLASS = YES_ERROR;
				CLANG_WARN_RANGE_LOOP_ANALYSIS = YES;
				CLANG_WARN_STRICT_PROTOTYPES = YES;
				CLANG_WARN_SUSPICIOUS_MOVE = YES;
				CLANG_WARN_UNGUARDED_AVAILABILITY = YES_AGGRESSIVE;
				CLANG_WARN_UNREACHABLE_CODE = YES;
				CLANG_WARN__DUPLICATE_METHOD_MATCH = YES;
				CODE_SIGN_IDENTITY = "iPhone Developer";
				COPY_PHASE_STRIP = NO;
				DEBUG_INFORMATION_FORMAT = "dwarf-with-dsym";
				ENABLE_NS_ASSERTIONS = NO;
				ENABLE_STRICT_OBJC_MSGSEND = YES;
				GCC_C_LANGUAGE_STANDARD = gnu11;
				GCC_NO_COMMON_BLOCKS = YES;
				GCC_WARN_64_TO_32_BIT_CONVERSION = YES;
				GCC_WARN_ABOUT_RETURN_TYPE = YES_ERROR;
				GCC_WARN_UNDECLARED_SELECTOR = YES;
				GCC_WARN_UNINITIALIZED_AUTOS = YES_AGGRESSIVE;
				GCC_WARN_UNUSED_FUNCTION = YES;
				GCC_WARN_UNUSED_VARIABLE = YES;
				IPHONEOS_DEPLOYMENT_TARGET = 12.0;
				MTL_ENABLE_DEBUG_INFO = NO;
				MTL_FAST_MATH = YES;
				SDKROOT = iphoneos;
				SWIFT_COMPILATION_MODE = wholemodule;
				SWIFT_OPTIMIZATION_LEVEL = "-O";
				VALIDATE_PRODUCT = YES;
			};
			name = Release;
		};
		1F124DE82178538200923529 /* Debug */ = {
			isa = XCBuildConfiguration;
			baseConfigurationReference = BD12E57CA86EBBFB09F2FD32 /* Pods-Ejercicio.debug.xcconfig */;
			buildSettings = {
				ASSETCATALOG_COMPILER_APPICON_NAME = AppIcon;
				CODE_SIGN_STYLE = Automatic;
				DEVELOPMENT_TEAM = YD8MQU959E;
				INFOPLIST_FILE = Ejercicio/Info.plist;
				LD_RUNPATH_SEARCH_PATHS = (
					"$(inherited)",
					"@executable_path/Frameworks",
				);
				PRODUCT_BUNDLE_IDENTIFIER = com.FabianRomero.Ejercicio;
				PRODUCT_NAME = "$(TARGET_NAME)";
				SWIFT_VERSION = 4.2;
				TARGETED_DEVICE_FAMILY = "1,2";
			};
			name = Debug;
		};
		1F124DE92178538200923529 /* Release */ = {
			isa = XCBuildConfiguration;
			baseConfigurationReference = 960A8D75EC73511ACE73575C /* Pods-Ejercicio.release.xcconfig */;
			buildSettings = {
				ASSETCATALOG_COMPILER_APPICON_NAME = AppIcon;
				CODE_SIGN_STYLE = Automatic;
				DEVELOPMENT_TEAM = YD8MQU959E;
				INFOPLIST_FILE = Ejercicio/Info.plist;
				LD_RUNPATH_SEARCH_PATHS = (
					"$(inherited)",
					"@executable_path/Frameworks",
				);
				PRODUCT_BUNDLE_IDENTIFIER = com.FabianRomero.Ejercicio;
				PRODUCT_NAME = "$(TARGET_NAME)";
				SWIFT_VERSION = 4.2;
				TARGETED_DEVICE_FAMILY = "1,2";
			};
			name = Release;
		};
/* End XCBuildConfiguration section */

/* Begin XCConfigurationList section */
		1F124DD02178538000923529 /* Build configuration list for PBXProject "Ejercicio" */ = {
			isa = XCConfigurationList;
			buildConfigurations = (
				1F124DE52178538200923529 /* Debug */,
				1F124DE62178538200923529 /* Release */,
			);
			defaultConfigurationIsVisible = 0;
			defaultConfigurationName = Release;
		};
		1F124DE72178538200923529 /* Build configuration list for PBXNativeTarget "Ejercicio" */ = {
			isa = XCConfigurationList;
			buildConfigurations = (
				1F124DE82178538200923529 /* Debug */,
				1F124DE92178538200923529 /* Release */,
			);
			defaultConfigurationIsVisible = 0;
			defaultConfigurationName = Release;
		};
/* End XCConfigurationList section */
	};
	rootObject = 1F124DCD2178538000923529 /* Project object */;
}
